{
  "version": 2,
  "packages": {
    "checksums": {
      "version": "0.2.1",
      "vcsRevision": "f8f6bd34bfa3fe12c64b919059ad856a96efcba0",
      "url": "https://github.com/nim-lang/checksums",
      "downloadMethod": "git",
      "dependencies": [],
      "checksums": {
        "sha1": "d3c7a1d0c0dee8fa089bd7f4d474e005877b608a"
      }
    },
    "zip": {
      "version": "0.3.1",
      "vcsRevision": "bdc5783fefc1afb8eb622ff13d464a832ce1d507",
      "url": "https://github.com/nim-lang/zip",
      "downloadMethod": "git",
      "dependencies": [],
      "checksums": {
        "sha1": "747aab3c43ecb7b50671cdd0ec3b2edc2c83494c"
      }
    }
  },
  "tasks": {}
}
